
Microsoft Visual Studio Solution File, Format Version 12.00
# Visual Studio Version 16
VisualStudioVersion = 16.0.31005.135
MinimumVisualStudioVersion = 10.0.40219.1
Project("{FAE04EC0-301F-11D3-BF4B-00C04F79EFBC}") = "WpfApp1", "WpfApp1.csproj", "{DB3686ED-BDDE-4BD1-ACB6-83E5AA7238AD}"
EndProject
Global
	GlobalSection(SolutionConfigurationPlatforms) = preSolution
		Debug|Any CPU = Debug|Any CPU
		Release|Any CPU = Release|Any CPU
	EndGlobalSection
	GlobalSection(ProjectConfigurationPlatforms) = postSolution
		{DB3686ED-BDDE-4BD1-ACB6-83E5AA7238AD}.Debug|Any CPU.ActiveCfg = Debug|Any CPU
		{DB3686ED-BDDE-4BD1-ACB6-83E5AA7238AD}.Debug|Any CPU.Build.0 = Debug|Any CPU
		{DB3686ED-BDDE-4BD1-ACB6-83E5AA7238AD}.Release|Any CPU.ActiveCfg = Release|Any CPU
		{DB3686ED-BDDE-4BD1-ACB6-83E5AA7238AD}.Release|Any CPU.Build.0 = Release|Any CPU
	EndGlobalSection
	GlobalSection(SolutionProperties) = preSolution
		HideSolutionNode = FALSE
	EndGlobalSection
	GlobalSection(ExtensibilityGlobals) = postSolution
		SolutionGuid = {1AFB6A16-6EFB-4A02-907F-0FF6129525B3}
	EndGlobalSection
EndGlobal
